
Microsoft Visual Studio Solution File, Format Version 12.00
# Visual Studio 15
Project("{FAE04EC0-301F-11D3-BF4B-00C04F79EFBC}") = "BinaryTree.Android", "BinaryTree.Android\BinaryTree.Android.csproj", "{6269221C-1FFA-426B-91AF-FE5614D5DA99}"
EndProject
Project("{FAE04EC0-301F-11D3-BF4B-00C04F79EFBC}") = "BinaryTree.iOS", "BinaryTree.iOS\BinaryTree.iOS.csproj", "{12E0255B-D47D-4080-A6F6-55DE6F0EC7BD}"
EndProject
Project("{FAE04EC0-301F-11D3-BF4B-00C04F79EFBC}") = "BinaryTree", "BinaryTree\BinaryTree.csproj", "{3B36DAAF-A3F4-491E-BBB1-D1BA2D297CEC}"
EndProject
Global
	GlobalSection(SolutionConfigurationPlatforms) = preSolution
		Debug|Any CPU = Debug|Any CPU
		Release|Any CPU = Release|Any CPU
		Debug|iPhoneSimulator = Debug|iPhoneSimulator
		Release|iPhoneSimulator = Release|iPhoneSimulator
		Debug|iPhone = Debug|iPhone
		Release|iPhone = Release|iPhone
	EndGlobalSection
	GlobalSection(ProjectConfigurationPlatforms) = postSolution
		{6269221C-1FFA-426B-91AF-FE5614D5DA99}.Debug|Any CPU.ActiveCfg = Debug|Any CPU
		{6269221C-1FFA-426B-91AF-FE5614D5DA99}.Debug|Any CPU.Build.0 = Debug|Any CPU
		{6269221C-1FFA-426B-91AF-FE5614D5DA99}.Release|Any CPU.ActiveCfg = Release|Any CPU
		{6269221C-1FFA-426B-91AF-FE5614D5DA99}.Release|Any CPU.Build.0 = Release|Any CPU
		{6269221C-1FFA-426B-91AF-FE5614D5DA99}.Debug|iPhoneSimulator.ActiveCfg = Debug|Any CPU
		{6269221C-1FFA-426B-91AF-FE5614D5DA99}.Debug|iPhoneSimulator.Build.0 = Debug|Any CPU
		{6269221C-1FFA-426B-91AF-FE5614D5DA99}.Release|iPhoneSimulator.ActiveCfg = Release|Any CPU
		{6269221C-1FFA-426B-91AF-FE5614D5DA99}.Release|iPhoneSimulator.Build.0 = Release|Any CPU
		{6269221C-1FFA-426B-91AF-FE5614D5DA99}.Debug|iPhone.ActiveCfg = Debug|Any CPU
		{6269221C-1FFA-426B-91AF-FE5614D5DA99}.Debug|iPhone.Build.0 = Debug|Any CPU
		{6269221C-1FFA-426B-91AF-FE5614D5DA99}.Release|iPhone.ActiveCfg = Release|Any CPU
		{6269221C-1FFA-426B-91AF-FE5614D5DA99}.Release|iPhone.Build.0 = Release|Any CPU
		{12E0255B-D47D-4080-A6F6-55DE6F0EC7BD}.Debug|Any CPU.ActiveCfg = Debug|iPhoneSimulator
		{12E0255B-D47D-4080-A6F6-55DE6F0EC7BD}.Debug|Any CPU.Build.0 = Debug|iPhoneSimulator
		{12E0255B-D47D-4080-A6F6-55DE6F0EC7BD}.Release|Any CPU.ActiveCfg = Release|iPhoneSimulator
		{12E0255B-D47D-4080-A6F6-55DE6F0EC7BD}.Release|Any CPU.Build.0 = Release|iPhoneSimulator
		{12E0255B-D47D-4080-A6F6-55DE6F0EC7BD}.Debug|iPhoneSimulator.ActiveCfg = Debug|iPhoneSimulator
		{12E0255B-D47D-4080-A6F6-55DE6F0EC7BD}.Debug|iPhoneSimulator.Build.0 = Debug|iPhoneSimulator
		{12E0255B-D47D-4080-A6F6-55DE6F0EC7BD}.Release|iPhoneSimulator.ActiveCfg = Release|iPhoneSimulator
		{12E0255B-D47D-4080-A6F6-55DE6F0EC7BD}.Release|iPhoneSimulator.Build.0 = Release|iPhoneSimulator
		{12E0255B-D47D-4080-A6F6-55DE6F0EC7BD}.Debug|iPhone.ActiveCfg = Debug|iPhone
		{12E0255B-D47D-4080-A6F6-55DE6F0EC7BD}.Debug|iPhone.Build.0 = Debug|iPhone
		{12E0255B-D47D-4080-A6F6-55DE6F0EC7BD}.Release|iPhone.ActiveCfg = Release|iPhone
		{12E0255B-D47D-4080-A6F6-55DE6F0EC7BD}.Release|iPhone.Build.0 = Release|iPhone
		{3B36DAAF-A3F4-491E-BBB1-D1BA2D297CEC}.Debug|Any CPU.ActiveCfg = Debug|Any CPU
		{3B36DAAF-A3F4-491E-BBB1-D1BA2D297CEC}.Debug|Any CPU.Build.0 = Debug|Any CPU
		{3B36DAAF-A3F4-491E-BBB1-D1BA2D297CEC}.Release|Any CPU.ActiveCfg = Release|Any CPU
		{3B36DAAF-A3F4-491E-BBB1-D1BA2D297CEC}.Release|Any CPU.Build.0 = Release|Any CPU
		{3B36DAAF-A3F4-491E-BBB1-D1BA2D297CEC}.Debug|iPhoneSimulator.ActiveCfg = Debug|Any CPU
		{3B36DAAF-A3F4-491E-BBB1-D1BA2D297CEC}.Debug|iPhoneSimulator.Build.0 = Debug|Any CPU
		{3B36DAAF-A3F4-491E-BBB1-D1BA2D297CEC}.Release|iPhoneSimulator.ActiveCfg = Release|Any CPU
		{3B36DAAF-A3F4-491E-BBB1-D1BA2D297CEC}.Release|iPhoneSimulator.Build.0 = Release|Any CPU
		{3B36DAAF-A3F4-491E-BBB1-D1BA2D297CEC}.Debug|iPhone.ActiveCfg = Debug|Any CPU
		{3B36DAAF-A3F4-491E-BBB1-D1BA2D297CEC}.Debug|iPhone.Build.0 = Debug|Any CPU
		{3B36DAAF-A3F4-491E-BBB1-D1BA2D297CEC}.Release|iPhone.ActiveCfg = Release|Any CPU
		{3B36DAAF-A3F4-491E-BBB1-D1BA2D297CEC}.Release|iPhone.Build.0 = Release|Any CPU
	EndGlobalSection
EndGlobal
