
Microsoft Visual Studio Solution File, Format Version 12.00
# Visual Studio Version 16
VisualStudioVersion = 16.0.30204.135
MinimumVisualStudioVersion = 10.0.40219.1
Project("{FAE04EC0-301F-11D3-BF4B-00C04F79EFBC}") = "BinaryTree.Android", "BinaryTree.Android\BinaryTree.Android.csproj", "{3F7CA82A-C918-41DD-9EAA-4052BB340F98}"
EndProject
Project("{FAE04EC0-301F-11D3-BF4B-00C04F79EFBC}") = "BinaryTree.iOS", "BinaryTree.iOS\BinaryTree.iOS.csproj", "{0FB2BD96-01C2-4C9E-8142-08B0F6EE94A6}"
EndProject
Project("{FAE04EC0-301F-11D3-BF4B-00C04F79EFBC}") = "BinaryTree", "BinaryTree\BinaryTree.csproj", "{4A0891E3-78BF-45A5-9BCC-78389595B916}"
EndProject
Global
	GlobalSection(SolutionConfigurationPlatforms) = preSolution
		Debug|Any CPU = Debug|Any CPU
		Debug|iPhone = Debug|iPhone
		Debug|iPhoneSimulator = Debug|iPhoneSimulator
		Release|Any CPU = Release|Any CPU
		Release|iPhone = Release|iPhone
		Release|iPhoneSimulator = Release|iPhoneSimulator
	EndGlobalSection
	GlobalSection(ProjectConfigurationPlatforms) = postSolution
		{3F7CA82A-C918-41DD-9EAA-4052BB340F98}.Debug|Any CPU.ActiveCfg = Debug|Any CPU
		{3F7CA82A-C918-41DD-9EAA-4052BB340F98}.Debug|Any CPU.Build.0 = Debug|Any CPU
		{3F7CA82A-C918-41DD-9EAA-4052BB340F98}.Debug|Any CPU.Deploy.0 = Debug|Any CPU
		{3F7CA82A-C918-41DD-9EAA-4052BB340F98}.Debug|iPhone.ActiveCfg = Debug|Any CPU
		{3F7CA82A-C918-41DD-9EAA-4052BB340F98}.Debug|iPhone.Build.0 = Debug|Any CPU
		{3F7CA82A-C918-41DD-9EAA-4052BB340F98}.Debug|iPhone.Deploy.0 = Debug|Any CPU
		{3F7CA82A-C918-41DD-9EAA-4052BB340F98}.Debug|iPhoneSimulator.ActiveCfg = Debug|Any CPU
		{3F7CA82A-C918-41DD-9EAA-4052BB340F98}.Debug|iPhoneSimulator.Build.0 = Debug|Any CPU
		{3F7CA82A-C918-41DD-9EAA-4052BB340F98}.Debug|iPhoneSimulator.Deploy.0 = Debug|Any CPU
		{3F7CA82A-C918-41DD-9EAA-4052BB340F98}.Release|Any CPU.ActiveCfg = Release|Any CPU
		{3F7CA82A-C918-41DD-9EAA-4052BB340F98}.Release|Any CPU.Build.0 = Release|Any CPU
		{3F7CA82A-C918-41DD-9EAA-4052BB340F98}.Release|Any CPU.Deploy.0 = Release|Any CPU
		{3F7CA82A-C918-41DD-9EAA-4052BB340F98}.Release|iPhone.ActiveCfg = Release|Any CPU
		{3F7CA82A-C918-41DD-9EAA-4052BB340F98}.Release|iPhone.Build.0 = Release|Any CPU
		{3F7CA82A-C918-41DD-9EAA-4052BB340F98}.Release|iPhone.Deploy.0 = Release|Any CPU
		{3F7CA82A-C918-41DD-9EAA-4052BB340F98}.Release|iPhoneSimulator.ActiveCfg = Release|Any CPU
		{3F7CA82A-C918-41DD-9EAA-4052BB340F98}.Release|iPhoneSimulator.Build.0 = Release|Any CPU
		{3F7CA82A-C918-41DD-9EAA-4052BB340F98}.Release|iPhoneSimulator.Deploy.0 = Release|Any CPU
		{0FB2BD96-01C2-4C9E-8142-08B0F6EE94A6}.Debug|Any CPU.ActiveCfg = Debug|iPhone
		{0FB2BD96-01C2-4C9E-8142-08B0F6EE94A6}.Debug|Any CPU.Build.0 = Debug|iPhone
		{0FB2BD96-01C2-4C9E-8142-08B0F6EE94A6}.Debug|Any CPU.Deploy.0 = Debug|iPhone
		{0FB2BD96-01C2-4C9E-8142-08B0F6EE94A6}.Debug|iPhone.ActiveCfg = Debug|iPhone
		{0FB2BD96-01C2-4C9E-8142-08B0F6EE94A6}.Debug|iPhone.Build.0 = Debug|iPhone
		{0FB2BD96-01C2-4C9E-8142-08B0F6EE94A6}.Debug|iPhone.Deploy.0 = Debug|iPhone
		{0FB2BD96-01C2-4C9E-8142-08B0F6EE94A6}.Debug|iPhoneSimulator.ActiveCfg = Debug|iPhoneSimulator
		{0FB2BD96-01C2-4C9E-8142-08B0F6EE94A6}.Debug|iPhoneSimulator.Build.0 = Debug|iPhoneSimulator
		{0FB2BD96-01C2-4C9E-8142-08B0F6EE94A6}.Debug|iPhoneSimulator.Deploy.0 = Debug|iPhoneSimulator
		{0FB2BD96-01C2-4C9E-8142-08B0F6EE94A6}.Release|Any CPU.ActiveCfg = Release|iPhone
		{0FB2BD96-01C2-4C9E-8142-08B0F6EE94A6}.Release|Any CPU.Build.0 = Release|iPhone
		{0FB2BD96-01C2-4C9E-8142-08B0F6EE94A6}.Release|Any CPU.Deploy.0 = Release|iPhone
		{0FB2BD96-01C2-4C9E-8142-08B0F6EE94A6}.Release|iPhone.ActiveCfg = Release|iPhone
		{0FB2BD96-01C2-4C9E-8142-08B0F6EE94A6}.Release|iPhone.Build.0 = Release|iPhone
		{0FB2BD96-01C2-4C9E-8142-08B0F6EE94A6}.Release|iPhone.Deploy.0 = Release|iPhone
		{0FB2BD96-01C2-4C9E-8142-08B0F6EE94A6}.Release|iPhoneSimulator.ActiveCfg = Release|iPhoneSimulator
		{0FB2BD96-01C2-4C9E-8142-08B0F6EE94A6}.Release|iPhoneSimulator.Build.0 = Release|iPhoneSimulator
		{0FB2BD96-01C2-4C9E-8142-08B0F6EE94A6}.Release|iPhoneSimulator.Deploy.0 = Release|iPhoneSimulator
		{4A0891E3-78BF-45A5-9BCC-78389595B916}.Debug|Any CPU.ActiveCfg = Debug|Any CPU
		{4A0891E3-78BF-45A5-9BCC-78389595B916}.Debug|Any CPU.Build.0 = Debug|Any CPU
		{4A0891E3-78BF-45A5-9BCC-78389595B916}.Debug|Any CPU.Deploy.0 = Debug|Any CPU
		{4A0891E3-78BF-45A5-9BCC-78389595B916}.Debug|iPhone.ActiveCfg = Debug|Any CPU
		{4A0891E3-78BF-45A5-9BCC-78389595B916}.Debug|iPhone.Build.0 = Debug|Any CPU
		{4A0891E3-78BF-45A5-9BCC-78389595B916}.Debug|iPhone.Deploy.0 = Debug|Any CPU
		{4A0891E3-78BF-45A5-9BCC-78389595B916}.Debug|iPhoneSimulator.ActiveCfg = Debug|Any CPU
		{4A0891E3-78BF-45A5-9BCC-78389595B916}.Debug|iPhoneSimulator.Build.0 = Debug|Any CPU
		{4A0891E3-78BF-45A5-9BCC-78389595B916}.Debug|iPhoneSimulator.Deploy.0 = Debug|Any CPU
		{4A0891E3-78BF-45A5-9BCC-78389595B916}.Release|Any CPU.ActiveCfg = Release|Any CPU
		{4A0891E3-78BF-45A5-9BCC-78389595B916}.Release|Any CPU.Build.0 = Release|Any CPU
		{4A0891E3-78BF-45A5-9BCC-78389595B916}.Release|Any CPU.Deploy.0 = Release|Any CPU
		{4A0891E3-78BF-45A5-9BCC-78389595B916}.Release|iPhone.ActiveCfg = Release|Any CPU
		{4A0891E3-78BF-45A5-9BCC-78389595B916}.Release|iPhone.Build.0 = Release|Any CPU
		{4A0891E3-78BF-45A5-9BCC-78389595B916}.Release|iPhone.Deploy.0 = Release|Any CPU
		{4A0891E3-78BF-45A5-9BCC-78389595B916}.Release|iPhoneSimulator.ActiveCfg = Release|Any CPU
		{4A0891E3-78BF-45A5-9BCC-78389595B916}.Release|iPhoneSimulator.Build.0 = Release|Any CPU
		{4A0891E3-78BF-45A5-9BCC-78389595B916}.Release|iPhoneSimulator.Deploy.0 = Release|Any CPU
	EndGlobalSection
	GlobalSection(SolutionProperties) = preSolution
		HideSolutionNode = FALSE
	EndGlobalSection
	GlobalSection(ExtensibilityGlobals) = postSolution
		SolutionGuid = {0C267DF5-A462-4995-B06D-66054F4B76D0}
	EndGlobalSection
EndGlobal
